// !$*UTF8*$!
{
	archiveVersion = 1;
	classes = {
	};
	objectVersion = 46;
	objects = {

/* Begin PBXBuildFile section */
		2B1C183B17FD3B2E0026C017 /* check.png in Resources */ = {isa = PBXBuildFile; fileRef = 2B1C183917FD3B2E0026C017 /* check.png */; };
		2B1C183C17FD3B2E0026C017 /* uncheck.png in Resources */ = {isa = PBXBuildFile; fileRef = 2B1C183A17FD3B2E0026C017 /* uncheck.png */; };
		2B1C184117FD46610026C017 /* RootVC.m in Sources */ = {isa = PBXBuildFile; fileRef = 2B1C183F17FD46610026C017 /* RootVC.m */; };
		2B1C184217FD46610026C017 /* RootVC.xib in Resources */ = {isa = PBXBuildFile; fileRef = 2B1C184017FD46610026C017 /* RootVC.xib */; };
		2B1C184617FD49610026C017 /* DisplayMesgVc.m in Sources */ = {isa = PBXBuildFile; fileRef = 2B1C184417FD49610026C017 /* DisplayMesgVc.m */; };
		2B1C184717FD49610026C017 /* DisplayMesgVc.xib in Resources */ = {isa = PBXBuildFile; fileRef = 2B1C184517FD49610026C017 /* DisplayMesgVc.xib */; };
		2B1C184A17FD50810026C017 /* NSArray+RandomSelection.m in Sources */ = {isa = PBXBuildFile; fileRef = 2B1C184917FD50810026C017 /* NSArray+RandomSelection.m */; };
		2BFCEB5917FC53FB009D42F8 /* UIKit.framework in Frameworks */ = {isa = PBXBuildFile; fileRef = 2BFCEB5817FC53FB009D42F8 /* UIKit.framework */; };
		2BFCEB5B17FC53FB009D42F8 /* Foundation.framework in Frameworks */ = {isa = PBXBuildFile; fileRef = 2BFCEB5A17FC53FB009D42F8 /* Foundation.framework */; };
		2BFCEB5D17FC53FB009D42F8 /* CoreGraphics.framework in Frameworks */ = {isa = PBXBuildFile; fileRef = 2BFCEB5C17FC53FB009D42F8 /* CoreGraphics.framework */; };
		2BFCEB6317FC53FB009D42F8 /* InfoPlist.strings in Resources */ = {isa = PBXBuildFile; fileRef = 2BFCEB6117FC53FB009D42F8 /* InfoPlist.strings */; };
		2BFCEB6517FC53FB009D42F8 /* main.m in Sources */ = {isa = PBXBuildFile; fileRef = 2BFCEB6417FC53FB009D42F8 /* main.m */; };
		2BFCEB6917FC53FB009D42F8 /* AppDelegate.m in Sources */ = {isa = PBXBuildFile; fileRef = 2BFCEB6817FC53FB009D42F8 /* AppDelegate.m */; };
		2BFCEB6C17FC53FB009D42F8 /* ViewController.m in Sources */ = {isa = PBXBuildFile; fileRef = 2BFCEB6B17FC53FB009D42F8 /* ViewController.m */; };
		2BFCEB6F17FC53FB009D42F8 /* ViewController_iPhone.xib in Resources */ = {isa = PBXBuildFile; fileRef = 2BFCEB6D17FC53FB009D42F8 /* ViewController_iPhone.xib */; };
/* End PBXBuildFile section */

/* Begin PBXFileReference section */
		2B1C183917FD3B2E0026C017 /* check.png */ = {isa = PBXFileReference; lastKnownFileType = image.png; path = check.png; sourceTree = "<group>"; };
		2B1C183A17FD3B2E0026C017 /* uncheck.png */ = {isa = PBXFileReference; lastKnownFileType = image.png; path = uncheck.png; sourceTree = "<group>"; };
		2B1C183E17FD46610026C017 /* RootVC.h */ = {isa = PBXFileReference; fileEncoding = 4; lastKnownFileType = sourcecode.c.h; path = RootVC.h; sourceTree = "<group>"; };
		2B1C183F17FD46610026C017 /* RootVC.m */ = {isa = PBXFileReference; fileEncoding = 4; lastKnownFileType = sourcecode.c.objc; path = RootVC.m; sourceTree = "<group>"; };
		2B1C184017FD46610026C017 /* RootVC.xib */ = {isa = PBXFileReference; fileEncoding = 4; lastKnownFileType = file.xib; path = RootVC.xib; sourceTree = "<group>"; };
		2B1C184317FD49610026C017 /* DisplayMesgVc.h */ = {isa = PBXFileReference; fileEncoding = 4; lastKnownFileType = sourcecode.c.h; path = DisplayMesgVc.h; sourceTree = "<group>"; };
		2B1C184417FD49610026C017 /* DisplayMesgVc.m */ = {isa = PBXFileReference; fileEncoding = 4; lastKnownFileType = sourcecode.c.objc; path = DisplayMesgVc.m; sourceTree = "<group>"; };
		2B1C184517FD49610026C017 /* DisplayMesgVc.xib */ = {isa = PBXFileReference; fileEncoding = 4; lastKnownFileType = file.xib; path = DisplayMesgVc.xib; sourceTree = "<group>"; };
		2B1C184817FD50810026C017 /* NSArray+RandomSelection.h */ = {isa = PBXFileReference; fileEncoding = 4; lastKnownFileType = sourcecode.c.h; path = "NSArray+RandomSelection.h"; sourceTree = "<group>"; };
		2B1C184917FD50810026C017 /* NSArray+RandomSelection.m */ = {isa = PBXFileReference; fileEncoding = 4; lastKnownFileType = sourcecode.c.objc; path = "NSArray+RandomSelection.m"; sourceTree = "<group>"; };
		2BFCEB5417FC53FB009D42F8 /* MiniQuizz.app */ = {isa = PBXFileReference; explicitFileType = wrapper.application; includeInIndex = 0; path = MiniQuizz.app; sourceTree = BUILT_PRODUCTS_DIR; };
		2BFCEB5817FC53FB009D42F8 /* UIKit.framework */ = {isa = PBXFileReference; lastKnownFileType = wrapper.framework; name = UIKit.framework; path = System/Library/Frameworks/UIKit.framework; sourceTree = SDKROOT; };
		2BFCEB5A17FC53FB009D42F8 /* Foundation.framework */ = {isa = PBXFileReference; lastKnownFileType = wrapper.framework; name = Foundation.framework; path = System/Library/Frameworks/Foundation.framework; sourceTree = SDKROOT; };
		2BFCEB5C17FC53FB009D42F8 /* CoreGraphics.framework */ = {isa = PBXFileReference; lastKnownFileType = wrapper.framework; name = CoreGraphics.framework; path = System/Library/Frameworks/CoreGraphics.framework; sourceTree = SDKROOT; };
		2BFCEB6017FC53FB009D42F8 /* MiniQuizz-Info.plist */ = {isa = PBXFileReference; lastKnownFileType = text.plist.xml; path = "MiniQuizz-Info.plist"; sourceTree = "<group>"; };
		2BFCEB6217FC53FB009D42F8 /* en */ = {isa = PBXFileReference; lastKnownFileType = text.plist.strings; name = en; path = en.lproj/InfoPlist.strings; sourceTree = "<group>"; };
		2BFCEB6417FC53FB009D42F8 /* main.m */ = {isa = PBXFileReference; lastKnownFileType = sourcecode.c.objc; path = main.m; sourceTree = "<group>"; };
		2BFCEB6617FC53FB009D42F8 /* MiniQuizz-Prefix.pch */ = {isa = PBXFileReference; lastKnownFileType = sourcecode.c.h; path = "MiniQuizz-Prefix.pch"; sourceTree = "<group>"; };
		2BFCEB6717FC53FB009D42F8 /* AppDelegate.h */ = {isa = PBXFileReference; lastKnownFileType = sourcecode.c.h; path = AppDelegate.h; sourceTree = "<group>"; };
		2BFCEB6817FC53FB009D42F8 /* AppDelegate.m */ = {isa = PBXFileReference; lastKnownFileType = sourcecode.c.objc; path = AppDelegate.m; sourceTree = "<group>"; };
		2BFCEB6A17FC53FB009D42F8 /* ViewController.h */ = {isa = PBXFileReference; lastKnownFileType = sourcecode.c.h; path = ViewController.h; sourceTree = "<group>"; };
		2BFCEB6B17FC53FB009D42F8 /* ViewController.m */ = {isa = PBXFileReference; lastKnownFileType = sourcecode.c.objc; path = ViewController.m; sourceTree = "<group>"; };
		2BFCEB6E17FC53FB009D42F8 /* en */ = {isa = PBXFileReference; lastKnownFileType = file.xib; name = en; path = en.lproj/ViewController_iPhone.xib; sourceTree = "<group>"; };
/* End PBXFileReference section */

/* Begin PBXFrameworksBuildPhase section */
		2BFCEB5117FC53FB009D42F8 /* Frameworks */ = {
			isa = PBXFrameworksBuildPhase;
			buildActionMask = 2147483647;
			files = (
				2BFCEB5917FC53FB009D42F8 /* UIKit.framework in Frameworks */,
				2BFCEB5B17FC53FB009D42F8 /* Foundation.framework in Frameworks */,
				2BFCEB5D17FC53FB009D42F8 /* CoreGraphics.framework in Frameworks */,
			);
			runOnlyForDeploymentPostprocessing = 0;
		};
/* End PBXFrameworksBuildPhase section */

/* Begin PBXGroup section */
		2BFCEB4917FC53FA009D42F8 = {
			isa = PBXGroup;
			children = (
				2BFCEB5E17FC53FB009D42F8 /* MiniQuizz */,
				2BFCEB5717FC53FB009D42F8 /* Frameworks */,
				2BFCEB5517FC53FB009D42F8 /* Products */,
			);
			sourceTree = "<group>";
		};
		2BFCEB5517FC53FB009D42F8 /* Products */ = {
			isa = PBXGroup;
			children = (
				2BFCEB5417FC53FB009D42F8 /* MiniQuizz.app */,
			);
			name = Products;
			sourceTree = "<group>";
		};
		2BFCEB5717FC53FB009D42F8 /* Frameworks */ = {
			isa = PBXGroup;
			children = (
				2BFCEB5817FC53FB009D42F8 /* UIKit.framework */,
				2BFCEB5A17FC53FB009D42F8 /* Foundation.framework */,
				2BFCEB5C17FC53FB009D42F8 /* CoreGraphics.framework */,
			);
			name = Frameworks;
			sourceTree = "<group>";
		};
		2BFCEB5E17FC53FB009D42F8 /* MiniQuizz */ = {
			isa = PBXGroup;
			children = (
				2BFCEB6717FC53FB009D42F8 /* AppDelegate.h */,
				2BFCEB6817FC53FB009D42F8 /* AppDelegate.m */,
				2B1C183E17FD46610026C017 /* RootVC.h */,
				2B1C183F17FD46610026C017 /* RootVC.m */,
				2B1C184017FD46610026C017 /* RootVC.xib */,
				2BFCEB6A17FC53FB009D42F8 /* ViewController.h */,
				2BFCEB6B17FC53FB009D42F8 /* ViewController.m */,
				2BFCEB6D17FC53FB009D42F8 /* ViewController_iPhone.xib */,
				2B1C184317FD49610026C017 /* DisplayMesgVc.h */,
				2B1C184417FD49610026C017 /* DisplayMesgVc.m */,
				2B1C184517FD49610026C017 /* DisplayMesgVc.xib */,
				2B1C184817FD50810026C017 /* NSArray+RandomSelection.h */,
				2B1C184917FD50810026C017 /* NSArray+RandomSelection.m */,
				2BFCEB5F17FC53FB009D42F8 /* Supporting Files */,
			);
			path = MiniQuizz;
			sourceTree = "<group>";
		};
		2BFCEB5F17FC53FB009D42F8 /* Supporting Files */ = {
			isa = PBXGroup;
			children = (
				2B1C183917FD3B2E0026C017 /* check.png */,
				2B1C183A17FD3B2E0026C017 /* uncheck.png */,
				2BFCEB6017FC53FB009D42F8 /* MiniQuizz-Info.plist */,
				2BFCEB6117FC53FB009D42F8 /* InfoPlist.strings */,
				2BFCEB6417FC53FB009D42F8 /* main.m */,
				2BFCEB6617FC53FB009D42F8 /* MiniQuizz-Prefix.pch */,
			);
			name = "Supporting Files";
			sourceTree = "<group>";
		};
/* End PBXGroup section */

/* Begin PBXNativeTarget section */
		2BFCEB5317FC53FB009D42F8 /* MiniQuizz */ = {
			isa = PBXNativeTarget;
			buildConfigurationList = 2BFCEB7517FC53FB009D42F8 /* Build configuration list for PBXNativeTarget "MiniQuizz" */;
			buildPhases = (
				2BFCEB5017FC53FB009D42F8 /* Sources */,
				2BFCEB5117FC53FB009D42F8 /* Frameworks */,
				2BFCEB5217FC53FB009D42F8 /* Resources */,
			);
			buildRules = (
			);
			dependencies = (
			);
			name = MiniQuizz;
			productName = MiniQuizz;
			productReference = 2BFCEB5417FC53FB009D42F8 /* MiniQuizz.app */;
			productType = "com.apple.product-type.application";
		};
/* End PBXNativeTarget section */

/* Begin PBXProject section */
		2BFCEB4B17FC53FA009D42F8 /* Project object */ = {
			isa = PBXProject;
			attributes = {
				LastUpgradeCheck = 0430;
			};
			buildConfigurationList = 2BFCEB4E17FC53FA009D42F8 /* Build configuration list for PBXProject "MiniQuizz" */;
			compatibilityVersion = "Xcode 3.2";
			developmentRegion = English;
			hasScannedForEncodings = 0;
			knownRegions = (
				en,
			);
			mainGroup = 2BFCEB4917FC53FA009D42F8;
			productRefGroup = 2BFCEB5517FC53FB009D42F8 /* Products */;
			projectDirPath = "";
			projectRoot = "";
			targets = (
				2BFCEB5317FC53FB009D42F8 /* MiniQuizz */,
			);
		};
/* End PBXProject section */

/* Begin PBXResourcesBuildPhase section */
		2BFCEB5217FC53FB009D42F8 /* Resources */ = {
			isa = PBXResourcesBuildPhase;
			buildActionMask = 2147483647;
			files = (
				2BFCEB6317FC53FB009D42F8 /* InfoPlist.strings in Resources */,
				2BFCEB6F17FC53FB009D42F8 /* ViewController_iPhone.xib in Resources */,
				2B1C183B17FD3B2E0026C017 /* check.png in Resources */,
				2B1C183C17FD3B2E0026C017 /* uncheck.png in Resources */,
				2B1C184217FD46610026C017 /* RootVC.xib in Resources */,
				2B1C184717FD49610026C017 /* DisplayMesgVc.xib in Resources */,
			);
			runOnlyForDeploymentPostprocessing = 0;
		};
/* End PBXResourcesBuildPhase section */

/* Begin PBXSourcesBuildPhase section */
		2BFCEB5017FC53FB009D42F8 /* Sources */ = {
			isa = PBXSourcesBuildPhase;
			buildActionMask = 2147483647;
			files = (
				2BFCEB6517FC53FB009D42F8 /* main.m in Sources */,
				2BFCEB6917FC53FB009D42F8 /* AppDelegate.m in Sources */,
				2BFCEB6C17FC53FB009D42F8 /* ViewController.m in Sources */,
				2B1C184117FD46610026C017 /* RootVC.m in Sources */,
				2B1C184617FD49610026C017 /* DisplayMesgVc.m in Sources */,
				2B1C184A17FD50810026C017 /* NSArray+RandomSelection.m in Sources */,
			);
			runOnlyForDeploymentPostprocessing = 0;
		};
/* End PBXSourcesBuildPhase section */

/* Begin PBXVariantGroup section */
		2BFCEB6117FC53FB009D42F8 /* InfoPlist.strings */ = {
			isa = PBXVariantGroup;
			children = (
				2BFCEB6217FC53FB009D42F8 /* en */,
			);
			name = InfoPlist.strings;
			sourceTree = "<group>";
		};
		2BFCEB6D17FC53FB009D42F8 /* ViewController_iPhone.xib */ = {
			isa = PBXVariantGroup;
			children = (
				2BFCEB6E17FC53FB009D42F8 /* en */,
			);
			name = ViewController_iPhone.xib;
			sourceTree = "<group>";
		};
/* End PBXVariantGroup section */

/* Begin XCBuildConfiguration section */
		2BFCEB7317FC53FB009D42F8 /* Debug */ = {
			isa = XCBuildConfiguration;
			buildSettings = {
				ALWAYS_SEARCH_USER_PATHS = NO;
				ARCHS = "$(ARCHS_STANDARD_32_BIT)";
				CLANG_ENABLE_OBJC_ARC = YES;
				"CODE_SIGN_IDENTITY[sdk=iphoneos*]" = "";
				COPY_PHASE_STRIP = NO;
				GCC_C_LANGUAGE_STANDARD = gnu99;
				GCC_DYNAMIC_NO_PIC = NO;
				GCC_OPTIMIZATION_LEVEL = 0;
				GCC_PREPROCESSOR_DEFINITIONS = (
					"DEBUG=1",
					"$(inherited)",
				);
				GCC_SYMBOLS_PRIVATE_EXTERN = NO;
				GCC_VERSION = com.apple.compilers.llvm.clang.1_0;
				GCC_WARN_ABOUT_RETURN_TYPE = YES;
				GCC_WARN_UNINITIALIZED_AUTOS = YES;
				GCC_WARN_UNUSED_VARIABLE = YES;
				IPHONEOS_DEPLOYMENT_TARGET = 5.1;
				SDKROOT = iphoneos;
				TARGETED_DEVICE_FAMILY = "1,2";
			};
			name = Debug;
		};
		2BFCEB7417FC53FB009D42F8 /* Release */ = {
			isa = XCBuildConfiguration;
			buildSettings = {
				ALWAYS_SEARCH_USER_PATHS = NO;
				ARCHS = "$(ARCHS_STANDARD_32_BIT)";
				CLANG_ENABLE_OBJC_ARC = YES;
				"CODE_SIGN_IDENTITY[sdk=iphoneos*]" = "";
				COPY_PHASE_STRIP = YES;
				GCC_C_LANGUAGE_STANDARD = gnu99;
				GCC_VERSION = com.apple.compilers.llvm.clang.1_0;
				GCC_WARN_ABOUT_RETURN_TYPE = YES;
				GCC_WARN_UNINITIALIZED_AUTOS = YES;
				GCC_WARN_UNUSED_VARIABLE = YES;
				IPHONEOS_DEPLOYMENT_TARGET = 5.1;
				OTHER_CFLAGS = "-DNS_BLOCK_ASSERTIONS=1";
				SDKROOT = iphoneos;
				TARGETED_DEVICE_FAMILY = "1,2";
				VALIDATE_PRODUCT = YES;
			};
			name = Release;
		};
		2BFCEB7617FC53FB009D42F8 /* Debug */ = {
			isa = XCBuildConfiguration;
			buildSettings = {
				GCC_PRECOMPILE_PREFIX_HEADER = YES;
				GCC_PREFIX_HEADER = "MiniQuizz/MiniQuizz-Prefix.pch";
				INFOPLIST_FILE = "MiniQuizz/MiniQuizz-Info.plist";
				PRODUCT_NAME = "$(TARGET_NAME)";
				TARGETED_DEVICE_FAMILY = 1;
				WRAPPER_EXTENSION = app;
			};
			name = Debug;
		};
		2BFCEB7717FC53FB009D42F8 /* Release */ = {
			isa = XCBuildConfiguration;
			buildSettings = {
				GCC_PRECOMPILE_PREFIX_HEADER = YES;
				GCC_PREFIX_HEADER = "MiniQuizz/MiniQuizz-Prefix.pch";
				INFOPLIST_FILE = "MiniQuizz/MiniQuizz-Info.plist";
				PRODUCT_NAME = "$(TARGET_NAME)";
				TARGETED_DEVICE_FAMILY = 1;
				WRAPPER_EXTENSION = app;
			};
			name = Release;
		};
/* End XCBuildConfiguration section */

/* Begin XCConfigurationList section */
		2BFCEB4E17FC53FA009D42F8 /* Build configuration list for PBXProject "MiniQuizz" */ = {
			isa = XCConfigurationList;
			buildConfigurations = (
				2BFCEB7317FC53FB009D42F8 /* Debug */,
				2BFCEB7417FC53FB009D42F8 /* Release */,
			);
			defaultConfigurationIsVisible = 0;
			defaultConfigurationName = Release;
		};
		2BFCEB7517FC53FB009D42F8 /* Build configuration list for PBXNativeTarget "MiniQuizz" */ = {
			isa = XCConfigurationList;
			buildConfigurations = (
				2BFCEB7617FC53FB009D42F8 /* Debug */,
				2BFCEB7717FC53FB009D42F8 /* Release */,
			);
			defaultConfigurationIsVisible = 0;
			defaultConfigurationName = Release;
		};
/* End XCConfigurationList section */
	};
	rootObject = 2BFCEB4B17FC53FA009D42F8 /* Project object */;
}
